
Microsoft Visual Studio Solution File, Format Version 12.00
# Visual Studio 15
VisualStudioVersion = 15.0.27428.2037
MinimumVisualStudioVersion = 10.0.40219.1
Project("{FAE04EC0-301F-11D3-BF4B-00C04F79EFBC}") = "CodeEFTest", "CodeEFTest\CodeEFTest.csproj", "{31D297FB-0A12-4636-B99F-22E013C5C443}"
EndProject
Project("{9A19103F-16F7-4668-BE54-9A1E7A4F7556}") = "Mono.Models", "Mono.Models\Mono.Models.csproj", "{9B65B922-95C5-421F-AC26-8B9256D6E46F}"
EndProject
Project("{9A19103F-16F7-4668-BE54-9A1E7A4F7556}") = "Mono.DAL", "Mono.DAL\Mono.DAL.csproj", "{0D0510F4-5107-4FDF-8F7E-997529BCC4C0}"
EndProject
Project("{FAE04EC0-301F-11D3-BF4B-00C04F79EFBC}") = "Mono.VehicleRepository", "Mono.VehicleRepository\Mono.VehicleRepository.csproj", "{5FA81393-AB16-431A-A940-E51D132E1CE5}"
EndProject
Project("{FAE04EC0-301F-11D3-BF4B-00C04F79EFBC}") = "Mono.DBContext", "Mono.DBContext\Mono.DBContext.csproj", "{249FAF10-42B0-4D85-A2C6-4F6FCFFE29C7}"
EndProject
Project("{FAE04EC0-301F-11D3-BF4B-00C04F79EFBC}") = "Mono.Models.Common", "Mono.Models.Common\Mono.Models.Common.csproj", "{D56E5FB4-5422-4915-B64A-21B8230F0083}"
EndProject
Project("{FAE04EC0-301F-11D3-BF4B-00C04F79EFBC}") = "Mono.VehicleRepository.Common", "Mono.VehicleRepository.Common\Mono.VehicleRepository.Common.csproj", "{ACC600C3-416A-4571-96CB-84010BB727BE}"
EndProject
Global
	GlobalSection(SolutionConfigurationPlatforms) = preSolution
		Debug|Any CPU = Debug|Any CPU
		Debug|ARM = Debug|ARM
		Debug|x64 = Debug|x64
		Debug|x86 = Debug|x86
		Release|Any CPU = Release|Any CPU
		Release|ARM = Release|ARM
		Release|x64 = Release|x64
		Release|x86 = Release|x86
	EndGlobalSection
	GlobalSection(ProjectConfigurationPlatforms) = postSolution
		{31D297FB-0A12-4636-B99F-22E013C5C443}.Debug|Any CPU.ActiveCfg = Debug|Any CPU
		{31D297FB-0A12-4636-B99F-22E013C5C443}.Debug|Any CPU.Build.0 = Debug|Any CPU
		{31D297FB-0A12-4636-B99F-22E013C5C443}.Debug|ARM.ActiveCfg = Debug|Any CPU
		{31D297FB-0A12-4636-B99F-22E013C5C443}.Debug|ARM.Build.0 = Debug|Any CPU
		{31D297FB-0A12-4636-B99F-22E013C5C443}.Debug|x64.ActiveCfg = Debug|Any CPU
		{31D297FB-0A12-4636-B99F-22E013C5C443}.Debug|x64.Build.0 = Debug|Any CPU
		{31D297FB-0A12-4636-B99F-22E013C5C443}.Debug|x86.ActiveCfg = Debug|Any CPU
		{31D297FB-0A12-4636-B99F-22E013C5C443}.Debug|x86.Build.0 = Debug|Any CPU
		{31D297FB-0A12-4636-B99F-22E013C5C443}.Release|Any CPU.ActiveCfg = Release|Any CPU
		{31D297FB-0A12-4636-B99F-22E013C5C443}.Release|Any CPU.Build.0 = Release|Any CPU
		{31D297FB-0A12-4636-B99F-22E013C5C443}.Release|ARM.ActiveCfg = Release|Any CPU
		{31D297FB-0A12-4636-B99F-22E013C5C443}.Release|ARM.Build.0 = Release|Any CPU
		{31D297FB-0A12-4636-B99F-22E013C5C443}.Release|x64.ActiveCfg = Release|Any CPU
		{31D297FB-0A12-4636-B99F-22E013C5C443}.Release|x64.Build.0 = Release|Any CPU
		{31D297FB-0A12-4636-B99F-22E013C5C443}.Release|x86.ActiveCfg = Release|Any CPU
		{31D297FB-0A12-4636-B99F-22E013C5C443}.Release|x86.Build.0 = Release|Any CPU
		{9B65B922-95C5-421F-AC26-8B9256D6E46F}.Debug|Any CPU.ActiveCfg = Debug|Any CPU
		{9B65B922-95C5-421F-AC26-8B9256D6E46F}.Debug|Any CPU.Build.0 = Debug|Any CPU
		{9B65B922-95C5-421F-AC26-8B9256D6E46F}.Debug|ARM.ActiveCfg = Debug|Any CPU
		{9B65B922-95C5-421F-AC26-8B9256D6E46F}.Debug|ARM.Build.0 = Debug|Any CPU
		{9B65B922-95C5-421F-AC26-8B9256D6E46F}.Debug|x64.ActiveCfg = Debug|Any CPU
		{9B65B922-95C5-421F-AC26-8B9256D6E46F}.Debug|x64.Build.0 = Debug|Any CPU
		{9B65B922-95C5-421F-AC26-8B9256D6E46F}.Debug|x86.ActiveCfg = Debug|Any CPU
		{9B65B922-95C5-421F-AC26-8B9256D6E46F}.Debug|x86.Build.0 = Debug|Any CPU
		{9B65B922-95C5-421F-AC26-8B9256D6E46F}.Release|Any CPU.ActiveCfg = Release|Any CPU
		{9B65B922-95C5-421F-AC26-8B9256D6E46F}.Release|Any CPU.Build.0 = Release|Any CPU
		{9B65B922-95C5-421F-AC26-8B9256D6E46F}.Release|ARM.ActiveCfg = Release|Any CPU
		{9B65B922-95C5-421F-AC26-8B9256D6E46F}.Release|ARM.Build.0 = Release|Any CPU
		{9B65B922-95C5-421F-AC26-8B9256D6E46F}.Release|x64.ActiveCfg = Release|Any CPU
		{9B65B922-95C5-421F-AC26-8B9256D6E46F}.Release|x64.Build.0 = Release|Any CPU
		{9B65B922-95C5-421F-AC26-8B9256D6E46F}.Release|x86.ActiveCfg = Release|Any CPU
		{9B65B922-95C5-421F-AC26-8B9256D6E46F}.Release|x86.Build.0 = Release|Any CPU
		{0D0510F4-5107-4FDF-8F7E-997529BCC4C0}.Debug|Any CPU.ActiveCfg = Debug|Any CPU
		{0D0510F4-5107-4FDF-8F7E-997529BCC4C0}.Debug|Any CPU.Build.0 = Debug|Any CPU
		{0D0510F4-5107-4FDF-8F7E-997529BCC4C0}.Debug|ARM.ActiveCfg = Debug|Any CPU
		{0D0510F4-5107-4FDF-8F7E-997529BCC4C0}.Debug|ARM.Build.0 = Debug|Any CPU
		{0D0510F4-5107-4FDF-8F7E-997529BCC4C0}.Debug|x64.ActiveCfg = Debug|Any CPU
		{0D0510F4-5107-4FDF-8F7E-997529BCC4C0}.Debug|x64.Build.0 = Debug|Any CPU
		{0D0510F4-5107-4FDF-8F7E-997529BCC4C0}.Debug|x86.ActiveCfg = Debug|Any CPU
		{0D0510F4-5107-4FDF-8F7E-997529BCC4C0}.Debug|x86.Build.0 = Debug|Any CPU
		{0D0510F4-5107-4FDF-8F7E-997529BCC4C0}.Release|Any CPU.ActiveCfg = Release|Any CPU
		{0D0510F4-5107-4FDF-8F7E-997529BCC4C0}.Release|Any CPU.Build.0 = Release|Any CPU
		{0D0510F4-5107-4FDF-8F7E-997529BCC4C0}.Release|ARM.ActiveCfg = Release|Any CPU
		{0D0510F4-5107-4FDF-8F7E-997529BCC4C0}.Release|ARM.Build.0 = Release|Any CPU
		{0D0510F4-5107-4FDF-8F7E-997529BCC4C0}.Release|x64.ActiveCfg = Release|Any CPU
		{0D0510F4-5107-4FDF-8F7E-997529BCC4C0}.Release|x64.Build.0 = Release|Any CPU
		{0D0510F4-5107-4FDF-8F7E-997529BCC4C0}.Release|x86.ActiveCfg = Release|Any CPU
		{0D0510F4-5107-4FDF-8F7E-997529BCC4C0}.Release|x86.Build.0 = Release|Any CPU
		{5FA81393-AB16-431A-A940-E51D132E1CE5}.Debug|Any CPU.ActiveCfg = Debug|Any CPU
		{5FA81393-AB16-431A-A940-E51D132E1CE5}.Debug|Any CPU.Build.0 = Debug|Any CPU
		{5FA81393-AB16-431A-A940-E51D132E1CE5}.Debug|ARM.ActiveCfg = Debug|Any CPU
		{5FA81393-AB16-431A-A940-E51D132E1CE5}.Debug|ARM.Build.0 = Debug|Any CPU
		{5FA81393-AB16-431A-A940-E51D132E1CE5}.Debug|x64.ActiveCfg = Debug|Any CPU
		{5FA81393-AB16-431A-A940-E51D132E1CE5}.Debug|x64.Build.0 = Debug|Any CPU
		{5FA81393-AB16-431A-A940-E51D132E1CE5}.Debug|x86.ActiveCfg = Debug|Any CPU
		{5FA81393-AB16-431A-A940-E51D132E1CE5}.Debug|x86.Build.0 = Debug|Any CPU
		{5FA81393-AB16-431A-A940-E51D132E1CE5}.Release|Any CPU.ActiveCfg = Release|Any CPU
		{5FA81393-AB16-431A-A940-E51D132E1CE5}.Release|Any CPU.Build.0 = Release|Any CPU
		{5FA81393-AB16-431A-A940-E51D132E1CE5}.Release|ARM.ActiveCfg = Release|Any CPU
		{5FA81393-AB16-431A-A940-E51D132E1CE5}.Release|ARM.Build.0 = Release|Any CPU
		{5FA81393-AB16-431A-A940-E51D132E1CE5}.Release|x64.ActiveCfg = Release|Any CPU
		{5FA81393-AB16-431A-A940-E51D132E1CE5}.Release|x64.Build.0 = Release|Any CPU
		{5FA81393-AB16-431A-A940-E51D132E1CE5}.Release|x86.ActiveCfg = Release|Any CPU
		{5FA81393-AB16-431A-A940-E51D132E1CE5}.Release|x86.Build.0 = Release|Any CPU
		{249FAF10-42B0-4D85-A2C6-4F6FCFFE29C7}.Debug|Any CPU.ActiveCfg = Debug|Any CPU
		{249FAF10-42B0-4D85-A2C6-4F6FCFFE29C7}.Debug|Any CPU.Build.0 = Debug|Any CPU
		{249FAF10-42B0-4D85-A2C6-4F6FCFFE29C7}.Debug|ARM.ActiveCfg = Debug|Any CPU
		{249FAF10-42B0-4D85-A2C6-4F6FCFFE29C7}.Debug|ARM.Build.0 = Debug|Any CPU
		{249FAF10-42B0-4D85-A2C6-4F6FCFFE29C7}.Debug|x64.ActiveCfg = Debug|Any CPU
		{249FAF10-42B0-4D85-A2C6-4F6FCFFE29C7}.Debug|x64.Build.0 = Debug|Any CPU
		{249FAF10-42B0-4D85-A2C6-4F6FCFFE29C7}.Debug|x86.ActiveCfg = Debug|Any CPU
		{249FAF10-42B0-4D85-A2C6-4F6FCFFE29C7}.Debug|x86.Build.0 = Debug|Any CPU
		{249FAF10-42B0-4D85-A2C6-4F6FCFFE29C7}.Release|Any CPU.ActiveCfg = Release|Any CPU
		{249FAF10-42B0-4D85-A2C6-4F6FCFFE29C7}.Release|Any CPU.Build.0 = Release|Any CPU
		{249FAF10-42B0-4D85-A2C6-4F6FCFFE29C7}.Release|ARM.ActiveCfg = Release|Any CPU
		{249FAF10-42B0-4D85-A2C6-4F6FCFFE29C7}.Release|ARM.Build.0 = Release|Any CPU
		{249FAF10-42B0-4D85-A2C6-4F6FCFFE29C7}.Release|x64.ActiveCfg = Release|Any CPU
		{249FAF10-42B0-4D85-A2C6-4F6FCFFE29C7}.Release|x64.Build.0 = Release|Any CPU
		{249FAF10-42B0-4D85-A2C6-4F6FCFFE29C7}.Release|x86.ActiveCfg = Release|Any CPU
		{249FAF10-42B0-4D85-A2C6-4F6FCFFE29C7}.Release|x86.Build.0 = Release|Any CPU
		{D56E5FB4-5422-4915-B64A-21B8230F0083}.Debug|Any CPU.ActiveCfg = Debug|Any CPU
		{D56E5FB4-5422-4915-B64A-21B8230F0083}.Debug|Any CPU.Build.0 = Debug|Any CPU
		{D56E5FB4-5422-4915-B64A-21B8230F0083}.Debug|ARM.ActiveCfg = Debug|Any CPU
		{D56E5FB4-5422-4915-B64A-21B8230F0083}.Debug|ARM.Build.0 = Debug|Any CPU
		{D56E5FB4-5422-4915-B64A-21B8230F0083}.Debug|x64.ActiveCfg = Debug|Any CPU
		{D56E5FB4-5422-4915-B64A-21B8230F0083}.Debug|x64.Build.0 = Debug|Any CPU
		{D56E5FB4-5422-4915-B64A-21B8230F0083}.Debug|x86.ActiveCfg = Debug|Any CPU
		{D56E5FB4-5422-4915-B64A-21B8230F0083}.Debug|x86.Build.0 = Debug|Any CPU
		{D56E5FB4-5422-4915-B64A-21B8230F0083}.Release|Any CPU.ActiveCfg = Release|Any CPU
		{D56E5FB4-5422-4915-B64A-21B8230F0083}.Release|Any CPU.Build.0 = Release|Any CPU
		{D56E5FB4-5422-4915-B64A-21B8230F0083}.Release|ARM.ActiveCfg = Release|Any CPU
		{D56E5FB4-5422-4915-B64A-21B8230F0083}.Release|ARM.Build.0 = Release|Any CPU
		{D56E5FB4-5422-4915-B64A-21B8230F0083}.Release|x64.ActiveCfg = Release|Any CPU
		{D56E5FB4-5422-4915-B64A-21B8230F0083}.Release|x64.Build.0 = Release|Any CPU
		{D56E5FB4-5422-4915-B64A-21B8230F0083}.Release|x86.ActiveCfg = Release|Any CPU
		{D56E5FB4-5422-4915-B64A-21B8230F0083}.Release|x86.Build.0 = Release|Any CPU
		{ACC600C3-416A-4571-96CB-84010BB727BE}.Debug|Any CPU.ActiveCfg = Debug|Any CPU
		{ACC600C3-416A-4571-96CB-84010BB727BE}.Debug|Any CPU.Build.0 = Debug|Any CPU
		{ACC600C3-416A-4571-96CB-84010BB727BE}.Debug|ARM.ActiveCfg = Debug|Any CPU
		{ACC600C3-416A-4571-96CB-84010BB727BE}.Debug|ARM.Build.0 = Debug|Any CPU
		{ACC600C3-416A-4571-96CB-84010BB727BE}.Debug|x64.ActiveCfg = Debug|Any CPU
		{ACC600C3-416A-4571-96CB-84010BB727BE}.Debug|x64.Build.0 = Debug|Any CPU
		{ACC600C3-416A-4571-96CB-84010BB727BE}.Debug|x86.ActiveCfg = Debug|Any CPU
		{ACC600C3-416A-4571-96CB-84010BB727BE}.Debug|x86.Build.0 = Debug|Any CPU
		{ACC600C3-416A-4571-96CB-84010BB727BE}.Release|Any CPU.ActiveCfg = Release|Any CPU
		{ACC600C3-416A-4571-96CB-84010BB727BE}.Release|Any CPU.Build.0 = Release|Any CPU
		{ACC600C3-416A-4571-96CB-84010BB727BE}.Release|ARM.ActiveCfg = Release|Any CPU
		{ACC600C3-416A-4571-96CB-84010BB727BE}.Release|ARM.Build.0 = Release|Any CPU
		{ACC600C3-416A-4571-96CB-84010BB727BE}.Release|x64.ActiveCfg = Release|Any CPU
		{ACC600C3-416A-4571-96CB-84010BB727BE}.Release|x64.Build.0 = Release|Any CPU
		{ACC600C3-416A-4571-96CB-84010BB727BE}.Release|x86.ActiveCfg = Release|Any CPU
		{ACC600C3-416A-4571-96CB-84010BB727BE}.Release|x86.Build.0 = Release|Any CPU
	EndGlobalSection
	GlobalSection(SolutionProperties) = preSolution
		HideSolutionNode = FALSE
	EndGlobalSection
	GlobalSection(ExtensibilityGlobals) = postSolution
		SolutionGuid = {2E5F972D-6DC4-4872-A731-AF26A9556040}
	EndGlobalSection
EndGlobal
